
Microsoft Visual Studio Solution File, Format Version 12.00
# Visual Studio Version 17
VisualStudioVersion = 17.4.33103.184
MinimumVisualStudioVersion = 10.0.40219.1
Project("{FAE04EC0-301F-11D3-BF4B-00C04F79EFBC}") = "WebApi", "WebApi\WebApi.csproj", "{6FBDEF68-9E68-4E56-ACD3-BD5BC80D9883}"
EndProject
Global
	GlobalSection(SolutionConfigurationPlatforms) = preSolution
		Debug|Any CPU = Debug|Any CPU
		Release|Any CPU = Release|Any CPU
	EndGlobalSection
	GlobalSection(ProjectConfigurationPlatforms) = postSolution
		{6FBDEF68-9E68-4E56-ACD3-BD5BC80D9883}.Debug|Any CPU.ActiveCfg = Debug|Any CPU
		{6FBDEF68-9E68-4E56-ACD3-BD5BC80D9883}.Debug|Any CPU.Build.0 = Debug|Any CPU
		{6FBDEF68-9E68-4E56-ACD3-BD5BC80D9883}.Release|Any CPU.ActiveCfg = Release|Any CPU
		{6FBDEF68-9E68-4E56-ACD3-BD5BC80D9883}.Release|Any CPU.Build.0 = Release|Any CPU
	EndGlobalSection
	GlobalSection(SolutionProperties) = preSolution
		HideSolutionNode = FALSE
	EndGlobalSection
	GlobalSection(ExtensibilityGlobals) = postSolution
		SolutionGuid = {135F27DD-D9E9-43B7-80E8-B71E254BB8DA}
	EndGlobalSection
EndGlobal
